
Microsoft Visual Studio Solution File, Format Version 12.00
# Visual Studio Version 17
VisualStudioVersion = 17.8.34330.188
MinimumVisualStudioVersion = 10.0.40219.1
Project("{9A19103F-16F7-4668-BE54-9A1E7A4F7556}") = "Composite", "source\Composite\Composite.csproj", "{64D86CD9-3C26-418E-A149-B8179355765B}"
EndProject
Project("{FAE04EC0-301F-11D3-BF4B-00C04F79EFBC}") = "CompositeExample", "source\CompositeExample\CompositeExample.csproj", "{A963D18A-761C-4A82-B76D-C1A89A4EE426}"
EndProject
Project("{FAE04EC0-301F-11D3-BF4B-00C04F79EFBC}") = "CompositeExample.Tests", "tests\CompositeExample.Tests\CompositeExample.Tests.csproj", "{F44FCB89-409E-4A05-8646-9D72B5B7D4CB}"
EndProject
Global
	GlobalSection(SolutionConfigurationPlatforms) = preSolution
		Debug|Any CPU = Debug|Any CPU
		Release|Any CPU = Release|Any CPU
	EndGlobalSection
	GlobalSection(ProjectConfigurationPlatforms) = postSolution
		{64D86CD9-3C26-418E-A149-B8179355765B}.Debug|Any CPU.ActiveCfg = Debug|Any CPU
		{64D86CD9-3C26-418E-A149-B8179355765B}.Debug|Any CPU.Build.0 = Debug|Any CPU
		{64D86CD9-3C26-418E-A149-B8179355765B}.Release|Any CPU.ActiveCfg = Release|Any CPU
		{64D86CD9-3C26-418E-A149-B8179355765B}.Release|Any CPU.Build.0 = Release|Any CPU
		{A963D18A-761C-4A82-B76D-C1A89A4EE426}.Debug|Any CPU.ActiveCfg = Debug|Any CPU
		{A963D18A-761C-4A82-B76D-C1A89A4EE426}.Debug|Any CPU.Build.0 = Debug|Any CPU
		{A963D18A-761C-4A82-B76D-C1A89A4EE426}.Release|Any CPU.ActiveCfg = Release|Any CPU
		{A963D18A-761C-4A82-B76D-C1A89A4EE426}.Release|Any CPU.Build.0 = Release|Any CPU
		{F44FCB89-409E-4A05-8646-9D72B5B7D4CB}.Debug|Any CPU.ActiveCfg = Debug|Any CPU
		{F44FCB89-409E-4A05-8646-9D72B5B7D4CB}.Debug|Any CPU.Build.0 = Debug|Any CPU
		{F44FCB89-409E-4A05-8646-9D72B5B7D4CB}.Release|Any CPU.ActiveCfg = Release|Any CPU
		{F44FCB89-409E-4A05-8646-9D72B5B7D4CB}.Release|Any CPU.Build.0 = Release|Any CPU
	EndGlobalSection
	GlobalSection(SolutionProperties) = preSolution
		HideSolutionNode = FALSE
	EndGlobalSection
	GlobalSection(ExtensibilityGlobals) = postSolution
		SolutionGuid = {AAEE1B98-5541-47B9-BA71-FD90B3E8DF24}
	EndGlobalSection
EndGlobal
