
Microsoft Visual Studio Solution File, Format Version 12.00
# Visual Studio Version 17
VisualStudioVersion = 17.8.34330.188
MinimumVisualStudioVersion = 10.0.40219.1
Project("{9A19103F-16F7-4668-BE54-9A1E7A4F7556}") = "Mediator", "source\\Mediator\\Mediator.csproj", "{1E7020B0-01FE-4B0B-9FC0-7CFE1F7BB3D3}"
EndProject
Project("{FAE04EC0-301F-11D3-BF4B-00C04F79EFBC}") = "MediatorExample", "source\\MediatorExample\\MediatorExample.csproj", "{D764F858-2CC7-41D2-ADBC-4AC5B3E8B6EA}"
EndProject
Project("{FAE04EC0-301F-11D3-BF4B-00C04F79EFBC}") = "MediatorExample.Tests", "tests\\MediatorExample.Tests\\MediatorExample.Tests.csproj", "{4B71C5D5-EF69-4C9A-AFC9-ADF62E6FD31A}"
EndProject
Global
	GlobalSection(SolutionConfigurationPlatforms) = preSolution
		Debug|Any CPU = Debug|Any CPU
		Release|Any CPU = Release|Any CPU
	EndGlobalSection
	GlobalSection(ProjectConfigurationPlatforms) = postSolution
		{1E7020B0-01FE-4B0B-9FC0-7CFE1F7BB3D3}.Debug|Any CPU.ActiveCfg = Debug|Any CPU
		{1E7020B0-01FE-4B0B-9FC0-7CFE1F7BB3D3}.Debug|Any CPU.Build.0 = Debug|Any CPU
		{1E7020B0-01FE-4B0B-9FC0-7CFE1F7BB3D3}.Release|Any CPU.ActiveCfg = Release|Any CPU
		{1E7020B0-01FE-4B0B-9FC0-7CFE1F7BB3D3}.Release|Any CPU.Build.0 = Release|Any CPU
		{D764F858-2CC7-41D2-ADBC-4AC5B3E8B6EA}.Debug|Any CPU.ActiveCfg = Debug|Any CPU
		{D764F858-2CC7-41D2-ADBC-4AC5B3E8B6EA}.Debug|Any CPU.Build.0 = Debug|Any CPU
		{D764F858-2CC7-41D2-ADBC-4AC5B3E8B6EA}.Release|Any CPU.ActiveCfg = Release|Any CPU
		{D764F858-2CC7-41D2-ADBC-4AC5B3E8B6EA}.Release|Any CPU.Build.0 = Release|Any CPU
		{4B71C5D5-EF69-4C9A-AFC9-ADF62E6FD31A}.Debug|Any CPU.ActiveCfg = Debug|Any CPU
		{4B71C5D5-EF69-4C9A-AFC9-ADF62E6FD31A}.Debug|Any CPU.Build.0 = Debug|Any CPU
		{4B71C5D5-EF69-4C9A-AFC9-ADF62E6FD31A}.Release|Any CPU.ActiveCfg = Release|Any CPU
		{4B71C5D5-EF69-4C9A-AFC9-ADF62E6FD31A}.Release|Any CPU.Build.0 = Release|Any CPU
	EndGlobalSection
	GlobalSection(SolutionProperties) = preSolution
		HideSolutionNode = FALSE
	EndGlobalSection
	GlobalSection(ExtensibilityGlobals) = postSolution
		SolutionGuid = {20F2F5E1-52E8-4A1B-8D5D-1E0D0D1B3E1D}
	EndGlobalSection
EndGlobal

