
Microsoft Visual Studio Solution File, Format Version 12.00
# Visual Studio Version 17
VisualStudioVersion = 17.8.34330.188
MinimumVisualStudioVersion = 10.0.40219.1
Project("{FAE04EC0-301F-11D3-BF4B-00C04F79EFBC}") = "IteratorExample", "source\IteratorExample\IteratorExample.csproj", "{2DCD7915-4D0C-455C-B4B4-CD78E23C21C5}"
EndProject
Project("{FAE04EC0-301F-11D3-BF4B-00C04F79EFBC}") = "IteratorExample.Tests", "tests\IteratorExample.Tests\IteratorExample.Tests.csproj", "{872126FF-A9E6-4F19-8220-0E9AF309F4D8}"
EndProject
Global
	GlobalSection(SolutionConfigurationPlatforms) = preSolution
		Debug|Any CPU = Debug|Any CPU
		Release|Any CPU = Release|Any CPU
	EndGlobalSection
	GlobalSection(ProjectConfigurationPlatforms) = postSolution
		{2DCD7915-4D0C-455C-B4B4-CD78E23C21C5}.Debug|Any CPU.ActiveCfg = Debug|Any CPU
		{2DCD7915-4D0C-455C-B4B4-CD78E23C21C5}.Debug|Any CPU.Build.0 = Debug|Any CPU
		{2DCD7915-4D0C-455C-B4B4-CD78E23C21C5}.Release|Any CPU.ActiveCfg = Release|Any CPU
		{2DCD7915-4D0C-455C-B4B4-CD78E23C21C5}.Release|Any CPU.Build.0 = Release|Any CPU
		{872126FF-A9E6-4F19-8220-0E9AF309F4D8}.Debug|Any CPU.ActiveCfg = Debug|Any CPU
		{872126FF-A9E6-4F19-8220-0E9AF309F4D8}.Debug|Any CPU.Build.0 = Debug|Any CPU
		{872126FF-A9E6-4F19-8220-0E9AF309F4D8}.Release|Any CPU.ActiveCfg = Release|Any CPU
		{872126FF-A9E6-4F19-8220-0E9AF309F4D8}.Release|Any CPU.Build.0 = Release|Any CPU
	EndGlobalSection
	GlobalSection(SolutionProperties) = preSolution
		HideSolutionNode = FALSE
	EndGlobalSection
	GlobalSection(ExtensibilityGlobals) = postSolution
		SolutionGuid = {39A3867D-8594-4F5B-AD10-E36E7998DB08}
	EndGlobalSection
EndGlobal
