
Microsoft Visual Studio Solution File, Format Version 12.00
# Visual Studio Version 17
VisualStudioVersion = 17.8.34330.188
MinimumVisualStudioVersion = 10.0.40219.1
Project("{9A19103F-16F7-4668-BE54-9A1E7A4F7556}") = "Builder", "source\Builder\Builder.csproj", "{9689C833-7005-40E7-816B-C457C2737BF4}"
EndProject
Project("{9A19103F-16F7-4668-BE54-9A1E7A4F7556}") = "BuilderExample", "source\BuilderExample\BuilderExample.csproj", "{C4633496-32E9-4AD9-8C8A-4E066CBCA36D}"
EndProject
Project("{9A19103F-16F7-4668-BE54-9A1E7A4F7556}") = "BuilderExample.Tests", "tests\BuilderExample.Tests\BuilderExample.Tests.csproj", "{D44C7D25-86EE-4D79-AFD1-607B30D5B4A4}"
EndProject
Global
	GlobalSection(SolutionConfigurationPlatforms) = preSolution
		Debug|Any CPU = Debug|Any CPU
		Release|Any CPU = Release|Any CPU
	EndGlobalSection
	GlobalSection(ProjectConfigurationPlatforms) = postSolution
		{9689C833-7005-40E7-816B-C457C2737BF4}.Debug|Any CPU.ActiveCfg = Debug|Any CPU
		{9689C833-7005-40E7-816B-C457C2737BF4}.Debug|Any CPU.Build.0 = Debug|Any CPU
		{9689C833-7005-40E7-816B-C457C2737BF4}.Release|Any CPU.ActiveCfg = Release|Any CPU
		{9689C833-7005-40E7-816B-C457C2737BF4}.Release|Any CPU.Build.0 = Release|Any CPU
		{C4633496-32E9-4AD9-8C8A-4E066CBCA36D}.Debug|Any CPU.ActiveCfg = Debug|Any CPU
		{C4633496-32E9-4AD9-8C8A-4E066CBCA36D}.Debug|Any CPU.Build.0 = Debug|Any CPU
		{C4633496-32E9-4AD9-8C8A-4E066CBCA36D}.Release|Any CPU.ActiveCfg = Release|Any CPU
		{C4633496-32E9-4AD9-8C8A-4E066CBCA36D}.Release|Any CPU.Build.0 = Release|Any CPU
		{D44C7D25-86EE-4D79-AFD1-607B30D5B4A4}.Debug|Any CPU.ActiveCfg = Debug|Any CPU
		{D44C7D25-86EE-4D79-AFD1-607B30D5B4A4}.Debug|Any CPU.Build.0 = Debug|Any CPU
		{D44C7D25-86EE-4D79-AFD1-607B30D5B4A4}.Release|Any CPU.ActiveCfg = Release|Any CPU
		{D44C7D25-86EE-4D79-AFD1-607B30D5B4A4}.Release|Any CPU.Build.0 = Release|Any CPU
	EndGlobalSection
	GlobalSection(SolutionProperties) = preSolution
		HideSolutionNode = FALSE
	EndGlobalSection
	GlobalSection(ExtensibilityGlobals) = postSolution
		SolutionGuid = {02390283-8A88-40F1-AA36-7C4890D3BAB7}
	EndGlobalSection
EndGlobal
