
Microsoft Visual Studio Solution File, Format Version 12.00
# Visual Studio Version 17
VisualStudioVersion = 17.8.34330.188
MinimumVisualStudioVersion = 10.0.40219.1
Project("{9A19103F-16F7-4668-BE54-9A1E7A4F7556}") = "Memento", "source\\Memento\\Memento.csproj", "{7E91B2A1-3B35-4E6C-95C9-0E4E8D6B8D8B}"
EndProject
Project("{FAE04EC0-301F-11D3-BF4B-00C04F79EFBC}") = "MementoExample", "source\\MementoExample\\MementoExample.csproj", "{A48F37D3-7B44-4E9B-B6A3-4A9B6A784D29}"
EndProject
Project("{FAE04EC0-301F-11D3-BF4B-00C04F79EFBC}") = "MementoExample.Tests", "tests\\MementoExample.Tests\\MementoExample.Tests.csproj", "{4A0B6A5F-62B9-4E66-A9C2-3A1AE5086D72}"
EndProject
Global
	GlobalSection(SolutionConfigurationPlatforms) = preSolution
		Debug|Any CPU = Debug|Any CPU
		Release|Any CPU = Release|Any CPU
	EndGlobalSection
	GlobalSection(ProjectConfigurationPlatforms) = postSolution
		{7E91B2A1-3B35-4E6C-95C9-0E4E8D6B8D8B}.Debug|Any CPU.ActiveCfg = Debug|Any CPU
		{7E91B2A1-3B35-4E6C-95C9-0E4E8D6B8D8B}.Debug|Any CPU.Build.0 = Debug|Any CPU
		{7E91B2A1-3B35-4E6C-95C9-0E4E8D6B8D8B}.Release|Any CPU.ActiveCfg = Release|Any CPU
		{7E91B2A1-3B35-4E6C-95C9-0E4E8D6B8D8B}.Release|Any CPU.Build.0 = Release|Any CPU
		{A48F37D3-7B44-4E9B-B6A3-4A9B6A784D29}.Debug|Any CPU.ActiveCfg = Debug|Any CPU
		{A48F37D3-7B44-4E9B-B6A3-4A9B6A784D29}.Debug|Any CPU.Build.0 = Debug|Any CPU
		{A48F37D3-7B44-4E9B-B6A3-4A9B6A784D29}.Release|Any CPU.ActiveCfg = Release|Any CPU
		{A48F37D3-7B44-4E9B-B6A3-4A9B6A784D29}.Release|Any CPU.Build.0 = Release|Any CPU
		{4A0B6A5F-62B9-4E66-A9C2-3A1AE5086D72}.Debug|Any CPU.ActiveCfg = Debug|Any CPU
		{4A0B6A5F-62B9-4E66-A9C2-3A1AE5086D72}.Debug|Any CPU.Build.0 = Debug|Any CPU
		{4A0B6A5F-62B9-4E66-A9C2-3A1AE5086D72}.Release|Any CPU.ActiveCfg = Release|Any CPU
		{4A0B6A5F-62B9-4E66-A9C2-3A1AE5086D72}.Release|Any CPU.Build.0 = Release|Any CPU
	EndGlobalSection
	GlobalSection(SolutionProperties) = preSolution
		HideSolutionNode = FALSE
	EndGlobalSection
	GlobalSection(ExtensibilityGlobals) = postSolution
		SolutionGuid = {D250A8FD-2C6E-43DE-8B8B-7F6E06F0FCE0}
	EndGlobalSection
EndGlobal

