
Microsoft Visual Studio Solution File, Format Version 12.00
# Visual Studio Version 17
VisualStudioVersion = 17.8.34330.188
MinimumVisualStudioVersion = 10.0.40219.1
Project("{FAE04EC0-301F-11D3-BF4B-00C04F79EFBC}") = "Builder", "Builder.csproj", "{9689C833-7005-40E7-816B-C457C2737BF4}"
EndProject
Project("{FAE04EC0-301F-11D3-BF4B-00C04F79EFBC}") = "BuilderExample", "..\BuilderExample\BuilderExample.csproj", "{D04A2672-0BD2-4644-ABCE-82D6562FC62D}"
EndProject
Project("{FAE04EC0-301F-11D3-BF4B-00C04F79EFBC}") = "Builder.Tests", "..\..\tests\Builder.Tests\Builder.Tests.csproj", "{18E7384D-B367-4C2A-A642-8609C8F81554}"
EndProject
Global
	GlobalSection(SolutionConfigurationPlatforms) = preSolution
		Debug|Any CPU = Debug|Any CPU
		Release|Any CPU = Release|Any CPU
	EndGlobalSection
	GlobalSection(ProjectConfigurationPlatforms) = postSolution
		{9689C833-7005-40E7-816B-C457C2737BF4}.Debug|Any CPU.ActiveCfg = Debug|Any CPU
		{9689C833-7005-40E7-816B-C457C2737BF4}.Debug|Any CPU.Build.0 = Debug|Any CPU
		{9689C833-7005-40E7-816B-C457C2737BF4}.Release|Any CPU.ActiveCfg = Release|Any CPU
		{9689C833-7005-40E7-816B-C457C2737BF4}.Release|Any CPU.Build.0 = Release|Any CPU
		{D04A2672-0BD2-4644-ABCE-82D6562FC62D}.Debug|Any CPU.ActiveCfg = Debug|Any CPU
		{D04A2672-0BD2-4644-ABCE-82D6562FC62D}.Debug|Any CPU.Build.0 = Debug|Any CPU
		{D04A2672-0BD2-4644-ABCE-82D6562FC62D}.Release|Any CPU.ActiveCfg = Release|Any CPU
		{D04A2672-0BD2-4644-ABCE-82D6562FC62D}.Release|Any CPU.Build.0 = Release|Any CPU
		{18E7384D-B367-4C2A-A642-8609C8F81554}.Debug|Any CPU.ActiveCfg = Debug|Any CPU
		{18E7384D-B367-4C2A-A642-8609C8F81554}.Debug|Any CPU.Build.0 = Debug|Any CPU
		{18E7384D-B367-4C2A-A642-8609C8F81554}.Release|Any CPU.ActiveCfg = Release|Any CPU
		{18E7384D-B367-4C2A-A642-8609C8F81554}.Release|Any CPU.Build.0 = Release|Any CPU
	EndGlobalSection
	GlobalSection(SolutionProperties) = preSolution
		HideSolutionNode = FALSE
	EndGlobalSection
	GlobalSection(ExtensibilityGlobals) = postSolution
		SolutionGuid = {02390283-8A88-40F1-AA36-7C4890D3BAB7}
	EndGlobalSection
EndGlobal
