
Microsoft Visual Studio Solution File, Format Version 12.00
# Visual Studio Version 17
VisualStudioVersion = 17.8.34330.188
MinimumVisualStudioVersion = 10.0.40219.1
Project("{9A19103F-16F7-4668-BE54-9A1E7A4F7556}") = "AbstractFactory", "source\AbstractFactory\AbstractFactory.csproj", "{C2E148D6-BC6C-434C-9974-DD48A24D518C}"
EndProject
Project("{9A19103F-16F7-4668-BE54-9A1E7A4F7556}") = "AbstractFactoryExample.Tests", "tests\AbstractFactory.Tests\AbstractFactoryExample.Tests.csproj", "{70C3B6D7-1002-4EDB-9975-EA9F7D92EA21}"
EndProject
Project("{9A19103F-16F7-4668-BE54-9A1E7A4F7556}") = "AbstractFactoryExample", "source\AbstractFactoryExample\AbstractFactoryExample.csproj", "{8E85BD39-B1C7-4261-8902-CF3C1217E7D2}"
EndProject
Global
	GlobalSection(SolutionConfigurationPlatforms) = preSolution
		Debug|Any CPU = Debug|Any CPU
		Release|Any CPU = Release|Any CPU
	EndGlobalSection
	GlobalSection(ProjectConfigurationPlatforms) = postSolution
		{C2E148D6-BC6C-434C-9974-DD48A24D518C}.Debug|Any CPU.ActiveCfg = Debug|Any CPU
		{C2E148D6-BC6C-434C-9974-DD48A24D518C}.Debug|Any CPU.Build.0 = Debug|Any CPU
		{C2E148D6-BC6C-434C-9974-DD48A24D518C}.Release|Any CPU.ActiveCfg = Release|Any CPU
		{C2E148D6-BC6C-434C-9974-DD48A24D518C}.Release|Any CPU.Build.0 = Release|Any CPU
		{70C3B6D7-1002-4EDB-9975-EA9F7D92EA21}.Debug|Any CPU.ActiveCfg = Debug|Any CPU
		{70C3B6D7-1002-4EDB-9975-EA9F7D92EA21}.Debug|Any CPU.Build.0 = Debug|Any CPU
		{70C3B6D7-1002-4EDB-9975-EA9F7D92EA21}.Release|Any CPU.ActiveCfg = Release|Any CPU
		{70C3B6D7-1002-4EDB-9975-EA9F7D92EA21}.Release|Any CPU.Build.0 = Release|Any CPU
		{8E85BD39-B1C7-4261-8902-CF3C1217E7D2}.Debug|Any CPU.ActiveCfg = Debug|Any CPU
		{8E85BD39-B1C7-4261-8902-CF3C1217E7D2}.Debug|Any CPU.Build.0 = Debug|Any CPU
		{8E85BD39-B1C7-4261-8902-CF3C1217E7D2}.Release|Any CPU.ActiveCfg = Release|Any CPU
		{8E85BD39-B1C7-4261-8902-CF3C1217E7D2}.Release|Any CPU.Build.0 = Release|Any CPU
	EndGlobalSection
	GlobalSection(SolutionProperties) = preSolution
		HideSolutionNode = FALSE
	EndGlobalSection
	GlobalSection(ExtensibilityGlobals) = postSolution
		SolutionGuid = {17EC6565-2DA6-48A6-83BD-DF77987D15A3}
	EndGlobalSection
EndGlobal
