
Microsoft Visual Studio Solution File, Format Version 12.00
# Visual Studio Version 17
VisualStudioVersion = 17.7.34031.279
MinimumVisualStudioVersion = 10.0.40219.1
Project("{9A19103F-16F7-4668-BE54-9A1E7A4F7556}") = "Factory", "source\Factory\Factory.csproj", "{C011A2F7-958C-482A-B1FE-2584E2EB528D}"
EndProject
Project("{9A19103F-16F7-4668-BE54-9A1E7A4F7556}") = "FactoryExample.Tests", "tests\Factory.Tests\FactoryExample.Tests.csproj", "{646AB9CB-ABF7-4117-9CBE-2F97A5956AA3}"
EndProject
Project("{9A19103F-16F7-4668-BE54-9A1E7A4F7556}") = "FactoryExample", "source\FactoryExample\FactoryExample.csproj", "{8A968EB7-5D55-4560-9D4D-D99CEAF6518E}"
EndProject
Global
	GlobalSection(SolutionConfigurationPlatforms) = preSolution
		Debug|Any CPU = Debug|Any CPU
		Release|Any CPU = Release|Any CPU
	EndGlobalSection
	GlobalSection(ProjectConfigurationPlatforms) = postSolution
		{C011A2F7-958C-482A-B1FE-2584E2EB528D}.Debug|Any CPU.ActiveCfg = Debug|Any CPU
		{C011A2F7-958C-482A-B1FE-2584E2EB528D}.Debug|Any CPU.Build.0 = Debug|Any CPU
		{C011A2F7-958C-482A-B1FE-2584E2EB528D}.Release|Any CPU.ActiveCfg = Release|Any CPU
		{C011A2F7-958C-482A-B1FE-2584E2EB528D}.Release|Any CPU.Build.0 = Release|Any CPU
		{646AB9CB-ABF7-4117-9CBE-2F97A5956AA3}.Debug|Any CPU.ActiveCfg = Debug|Any CPU
		{646AB9CB-ABF7-4117-9CBE-2F97A5956AA3}.Debug|Any CPU.Build.0 = Debug|Any CPU
		{646AB9CB-ABF7-4117-9CBE-2F97A5956AA3}.Release|Any CPU.ActiveCfg = Release|Any CPU
		{646AB9CB-ABF7-4117-9CBE-2F97A5956AA3}.Release|Any CPU.Build.0 = Release|Any CPU
		{8A968EB7-5D55-4560-9D4D-D99CEAF6518E}.Debug|Any CPU.ActiveCfg = Debug|Any CPU
		{8A968EB7-5D55-4560-9D4D-D99CEAF6518E}.Debug|Any CPU.Build.0 = Debug|Any CPU
		{8A968EB7-5D55-4560-9D4D-D99CEAF6518E}.Release|Any CPU.ActiveCfg = Release|Any CPU
		{8A968EB7-5D55-4560-9D4D-D99CEAF6518E}.Release|Any CPU.Build.0 = Release|Any CPU
	EndGlobalSection
	GlobalSection(SolutionProperties) = preSolution
		HideSolutionNode = FALSE
	EndGlobalSection
	GlobalSection(ExtensibilityGlobals) = postSolution
		SolutionGuid = {64AB54D6-3AA9-471C-A63C-B0515DD2A8D6}
	EndGlobalSection
EndGlobal
