
Microsoft Visual Studio Solution File, Format Version 12.00
# Visual Studio Version 17
VisualStudioVersion = 17.8.34330.188
MinimumVisualStudioVersion = 10.0.40219.1
Project("{FAE04EC0-301F-11D3-BF4B-00C04F79EFBC}") = "Adapter", "Structural\Adapter\Adapter.csproj", "{AA137AB1-6C20-47A0-B58F-D9B39A90D573}"
EndProject
Global
	GlobalSection(SolutionConfigurationPlatforms) = preSolution
		Debug|Any CPU = Debug|Any CPU
		Release|Any CPU = Release|Any CPU
	EndGlobalSection
	GlobalSection(ProjectConfigurationPlatforms) = postSolution
		{AA137AB1-6C20-47A0-B58F-D9B39A90D573}.Debug|Any CPU.ActiveCfg = Debug|Any CPU
		{AA137AB1-6C20-47A0-B58F-D9B39A90D573}.Debug|Any CPU.Build.0 = Debug|Any CPU
		{AA137AB1-6C20-47A0-B58F-D9B39A90D573}.Release|Any CPU.ActiveCfg = Release|Any CPU
		{AA137AB1-6C20-47A0-B58F-D9B39A90D573}.Release|Any CPU.Build.0 = Release|Any CPU
	EndGlobalSection
	GlobalSection(SolutionProperties) = preSolution
		HideSolutionNode = FALSE
	EndGlobalSection
	GlobalSection(ExtensibilityGlobals) = postSolution
		SolutionGuid = {9677E343-7B61-4D09-BE9E-6165F1C75254}
	EndGlobalSection
EndGlobal
