
Microsoft Visual Studio Solution File, Format Version 12.00
# Visual Studio Version 17
VisualStudioVersion = 17.8.34330.188
MinimumVisualStudioVersion = 10.0.40219.1
Project("{9A19103F-16F7-4668-BE54-9A1E7A4F7556}") = "TemplateMethod", "source\\TemplateMethod\\TemplateMethod.csproj", "{C0A5D7A0-1D4D-4DAB-AD4A-84B6BC7B6E6B}"
EndProject
Project("{FAE04EC0-301F-11D3-BF4B-00C04F79EFBC}") = "TemplateMethodExample", "source\\TemplateMethodExample\\TemplateMethodExample.csproj", "{0EFBF379-0F0C-4A49-9A0B-7BCB2E8DD9B3}"
EndProject
Project("{FAE04EC0-301F-11D3-BF4B-00C04F79EFBC}") = "TemplateMethodExample.Tests", "tests\\TemplateMethodExample.Tests\\TemplateMethodExample.Tests.csproj", "{F2710C2C-9D2C-4B02-AAC7-DF03D9EE6E0B}"
EndProject
Global
	GlobalSection(SolutionConfigurationPlatforms) = preSolution
		Debug|Any CPU = Debug|Any CPU
		Release|Any CPU = Release|Any CPU
	EndGlobalSection
	GlobalSection(ProjectConfigurationPlatforms) = postSolution
		{C0A5D7A0-1D4D-4DAB-AD4A-84B6BC7B6E6B}.Debug|Any CPU.ActiveCfg = Debug|Any CPU
		{C0A5D7A0-1D4D-4DAB-AD4A-84B6BC7B6E6B}.Debug|Any CPU.Build.0 = Debug|Any CPU
		{C0A5D7A0-1D4D-4DAB-AD4A-84B6BC7B6E6B}.Release|Any CPU.ActiveCfg = Release|Any CPU
		{C0A5D7A0-1D4D-4DAB-AD4A-84B6BC7B6E6B}.Release|Any CPU.Build.0 = Release|Any CPU
		{0EFBF379-0F0C-4A49-9A0B-7BCB2E8DD9B3}.Debug|Any CPU.ActiveCfg = Debug|Any CPU
		{0EFBF379-0F0C-4A49-9A0B-7BCB2E8DD9B3}.Debug|Any CPU.Build.0 = Debug|Any CPU
		{0EFBF379-0F0C-4A49-9A0B-7BCB2E8DD9B3}.Release|Any CPU.ActiveCfg = Release|Any CPU
		{0EFBF379-0F0C-4A49-9A0B-7BCB2E8DD9B3}.Release|Any CPU.Build.0 = Release|Any CPU
		{F2710C2C-9D2C-4B02-AAC7-DF03D9EE6E0B}.Debug|Any CPU.ActiveCfg = Debug|Any CPU
		{F2710C2C-9D2C-4B02-AAC7-DF03D9EE6E0B}.Debug|Any CPU.Build.0 = Debug|Any CPU
		{F2710C2C-9D2C-4B02-AAC7-DF03D9EE6E0B}.Release|Any CPU.ActiveCfg = Release|Any CPU
		{F2710C2C-9D2C-4B02-AAC7-DF03D9EE6E0B}.Release|Any CPU.Build.0 = Release|Any CPU
	EndGlobalSection
	GlobalSection(SolutionProperties) = preSolution
		HideSolutionNode = FALSE
	EndGlobalSection
	GlobalSection(ExtensibilityGlobals) = postSolution
		SolutionGuid = {7D7B77D7-8D70-4781-AE67-4C35C6DE9FCE}
	EndGlobalSection
EndGlobal

