
Microsoft Visual Studio Solution File, Format Version 12.00
# Visual Studio Version 17
VisualStudioVersion = 17.8.34330.188
MinimumVisualStudioVersion = 10.0.40219.1
Project("{9A19103F-16F7-4668-BE54-9A1E7A4F7556}") = "Strategy", "source\Strategy\Strategy.csproj", "{1C6D26D0-7161-42A1-B0B5-83A397AA359F}"
EndProject
Project("{FAE04EC0-301F-11D3-BF4B-00C04F79EFBC}") = "StrategyExample", "source\StrategyExample\StrategyExample.csproj", "{D764DE85-A7FC-42E8-A5B7-C90AEA99D866}"
EndProject
Project("{FAE04EC0-301F-11D3-BF4B-00C04F79EFBC}") = "StrategyExaple.Tests", "tests\StrategyExaple.Tests\StrategyExaple.Tests.csproj", "{3C260AA4-AF0E-436F-AB10-A19B5EFCDD0B}"
EndProject
Global
	GlobalSection(SolutionConfigurationPlatforms) = preSolution
		Debug|Any CPU = Debug|Any CPU
		Release|Any CPU = Release|Any CPU
	EndGlobalSection
	GlobalSection(ProjectConfigurationPlatforms) = postSolution
		{1C6D26D0-7161-42A1-B0B5-83A397AA359F}.Debug|Any CPU.ActiveCfg = Debug|Any CPU
		{1C6D26D0-7161-42A1-B0B5-83A397AA359F}.Debug|Any CPU.Build.0 = Debug|Any CPU
		{1C6D26D0-7161-42A1-B0B5-83A397AA359F}.Release|Any CPU.ActiveCfg = Release|Any CPU
		{1C6D26D0-7161-42A1-B0B5-83A397AA359F}.Release|Any CPU.Build.0 = Release|Any CPU
		{D764DE85-A7FC-42E8-A5B7-C90AEA99D866}.Debug|Any CPU.ActiveCfg = Debug|Any CPU
		{D764DE85-A7FC-42E8-A5B7-C90AEA99D866}.Debug|Any CPU.Build.0 = Debug|Any CPU
		{D764DE85-A7FC-42E8-A5B7-C90AEA99D866}.Release|Any CPU.ActiveCfg = Release|Any CPU
		{D764DE85-A7FC-42E8-A5B7-C90AEA99D866}.Release|Any CPU.Build.0 = Release|Any CPU
		{3C260AA4-AF0E-436F-AB10-A19B5EFCDD0B}.Debug|Any CPU.ActiveCfg = Debug|Any CPU
		{3C260AA4-AF0E-436F-AB10-A19B5EFCDD0B}.Debug|Any CPU.Build.0 = Debug|Any CPU
		{3C260AA4-AF0E-436F-AB10-A19B5EFCDD0B}.Release|Any CPU.ActiveCfg = Release|Any CPU
		{3C260AA4-AF0E-436F-AB10-A19B5EFCDD0B}.Release|Any CPU.Build.0 = Release|Any CPU
	EndGlobalSection
	GlobalSection(SolutionProperties) = preSolution
		HideSolutionNode = FALSE
	EndGlobalSection
	GlobalSection(ExtensibilityGlobals) = postSolution
		SolutionGuid = {C128F5C4-4CA8-45BD-8B5C-F6A062AD46DD}
	EndGlobalSection
EndGlobal
